
Microsoft Visual Studio Solution File, Format Version 12.00
# Visual Studio Version 17
VisualStudioVersion = 17.11.35222.181
MinimumVisualStudioVersion = 10.0.40219.1
Project("{FAE04EC0-301F-11D3-BF4B-00C04F79EFBC}") = "ElsoWebApp", "ElsoWebApp\ElsoWebApp.csproj", "{3829A6BD-104C-429B-AAE4-37D1398F2F2B}"
EndProject
Global
	GlobalSection(SolutionConfigurationPlatforms) = preSolution
		Debug|Any CPU = Debug|Any CPU
		Release|Any CPU = Release|Any CPU
	EndGlobalSection
	GlobalSection(ProjectConfigurationPlatforms) = postSolution
		{3829A6BD-104C-429B-AAE4-37D1398F2F2B}.Debug|Any CPU.ActiveCfg = Debug|Any CPU
		{3829A6BD-104C-429B-AAE4-37D1398F2F2B}.Debug|Any CPU.Build.0 = Debug|Any CPU
		{3829A6BD-104C-429B-AAE4-37D1398F2F2B}.Release|Any CPU.ActiveCfg = Release|Any CPU
		{3829A6BD-104C-429B-AAE4-37D1398F2F2B}.Release|Any CPU.Build.0 = Release|Any CPU
	EndGlobalSection
	GlobalSection(SolutionProperties) = preSolution
		HideSolutionNode = FALSE
	EndGlobalSection
	GlobalSection(ExtensibilityGlobals) = postSolution
		SolutionGuid = {36B49B28-90E3-439E-8756-F8164F6DAE61}
	EndGlobalSection
EndGlobal
